
Microsoft Visual Studio Solution File, Format Version 12.00
# Visual Studio Version 16
VisualStudioVersion = 16.0.30804.86
MinimumVisualStudioVersion = 10.0.40219.1
Project("{FAE04EC0-301F-11D3-BF4B-00C04F79EFBC}") = "API_Ej3", "API_Ej3\API_Ej3.csproj", "{CEDD9D0C-635F-4672-A3F7-03D7DB489AAF}"
EndProject
Global
	GlobalSection(SolutionConfigurationPlatforms) = preSolution
		Debug|Any CPU = Debug|Any CPU
		Release|Any CPU = Release|Any CPU
	EndGlobalSection
	GlobalSection(ProjectConfigurationPlatforms) = postSolution
		{CEDD9D0C-635F-4672-A3F7-03D7DB489AAF}.Debug|Any CPU.ActiveCfg = Debug|Any CPU
		{CEDD9D0C-635F-4672-A3F7-03D7DB489AAF}.Debug|Any CPU.Build.0 = Debug|Any CPU
		{CEDD9D0C-635F-4672-A3F7-03D7DB489AAF}.Release|Any CPU.ActiveCfg = Release|Any CPU
		{CEDD9D0C-635F-4672-A3F7-03D7DB489AAF}.Release|Any CPU.Build.0 = Release|Any CPU
	EndGlobalSection
	GlobalSection(SolutionProperties) = preSolution
		HideSolutionNode = FALSE
	EndGlobalSection
	GlobalSection(ExtensibilityGlobals) = postSolution
		SolutionGuid = {D7901DC6-9A33-45CB-B536-A1FE530C36B6}
	EndGlobalSection
EndGlobal
