
Microsoft Visual Studio Solution File, Format Version 12.00
# Visual Studio Version 16
VisualStudioVersion = 16.0.30804.86
MinimumVisualStudioVersion = 10.0.40219.1
Project("{FAE04EC0-301F-11D3-BF4B-00C04F79EFBC}") = "API_Ej1", "API_Ej1\API_Ej1.csproj", "{74F83921-012A-43D2-8147-C7E84D70A43B}"
EndProject
Global
	GlobalSection(SolutionConfigurationPlatforms) = preSolution
		Debug|Any CPU = Debug|Any CPU
		Release|Any CPU = Release|Any CPU
	EndGlobalSection
	GlobalSection(ProjectConfigurationPlatforms) = postSolution
		{74F83921-012A-43D2-8147-C7E84D70A43B}.Debug|Any CPU.ActiveCfg = Debug|Any CPU
		{74F83921-012A-43D2-8147-C7E84D70A43B}.Debug|Any CPU.Build.0 = Debug|Any CPU
		{74F83921-012A-43D2-8147-C7E84D70A43B}.Release|Any CPU.ActiveCfg = Release|Any CPU
		{74F83921-012A-43D2-8147-C7E84D70A43B}.Release|Any CPU.Build.0 = Release|Any CPU
	EndGlobalSection
	GlobalSection(SolutionProperties) = preSolution
		HideSolutionNode = FALSE
	EndGlobalSection
	GlobalSection(ExtensibilityGlobals) = postSolution
		SolutionGuid = {1F6B78F9-CE7A-4BFC-B11E-D73548F1D9C5}
	EndGlobalSection
EndGlobal
